
Microsoft Visual Studio Solution File, Format Version 11.00
# Visual Studio 2010
Project("{FAE04EC0-301F-11D3-BF4B-00C04F79EFBC}") = "MSBuildTester", "MSBuildTester\MSBuildTester.csproj", "{39F1E8C4-B122-4923-86CF-EAD2D33082AF}"
EndProject
Global
	GlobalSection(TeamFoundationVersionControl) = preSolution
		SccNumberOfProjects = 2
		SccEnterpriseProvider = {4CA58AB2-18FA-4F8D-95D4-32DDF27D184C}
		SccTeamFoundationServer = https://tfs.dotnetnuke.com:8088/tfs/dotnetnuke
		SccLocalPath0 = .
		SccProjectUniqueName1 = MSBuildTester\\MSBuildTester.csproj
		SccProjectName1 = MSBuildTester
		SccLocalPath1 = MSBuildTester
	EndGlobalSection
	GlobalSection(SolutionConfigurationPlatforms) = preSolution
		Debug|Any CPU = Debug|Any CPU
		Release|Any CPU = Release|Any CPU
	EndGlobalSection
	GlobalSection(ProjectConfigurationPlatforms) = postSolution
		{39F1E8C4-B122-4923-86CF-EAD2D33082AF}.Debug|Any CPU.ActiveCfg = Debug|Any CPU
		{39F1E8C4-B122-4923-86CF-EAD2D33082AF}.Debug|Any CPU.Build.0 = Debug|Any CPU
		{39F1E8C4-B122-4923-86CF-EAD2D33082AF}.Release|Any CPU.ActiveCfg = Release|Any CPU
		{39F1E8C4-B122-4923-86CF-EAD2D33082AF}.Release|Any CPU.Build.0 = Release|Any CPU
	EndGlobalSection
	GlobalSection(SolutionProperties) = preSolution
		HideSolutionNode = FALSE
	EndGlobalSection
EndGlobal
